{
  "version": 4,
  "terraform_version": "0.12.3",
  "serial": 400,
  "lineage": "2efbf7a8-6925-6701-3ef1-225bda704c8a",
  "outputs": {
    "wordpress-link": {
      "value": "wordpress-1780354064.us-east-1.elb.amazonaws.com",
      "type": "string"
    }
  },
  "resources": [
    {
      "module": "module.rds-mysql-wordpress.module.db_instance",
      "mode": "data",
      "type": "aws_iam_policy_document",
      "name": "enhanced_monitoring",
      "provider": "provider.aws",
      "instances": [
        {
          "schema_version": 0,
          "attributes": {
            "id": "1813475199",
            "json": "{\n  \"Version\": \"2012-10-17\",\n  \"Statement\": [\n    {\n      \"Sid\": \"\",\n      \"Effect\": \"Allow\",\n      \"Action\": \"sts:AssumeRole\",\n      \"Principal\": {\n        \"Service\": \"monitoring.rds.amazonaws.com\"\n      }\n    }\n  ]\n}",
            "override_json": null,
            "policy_id": null,
            "source_json": null,
            "statement": [
              {
                "actions": [
                  "sts:AssumeRole"
                ],
                "condition": [],
                "effect": "Allow",
                "not_actions": [],
                "not_principals": [],
                "not_resources": [],
                "principals": [
                  {
                    "identifiers": [
                      "monitoring.rds.amazonaws.com"
                    ],
                    "type": "Service"
                  }
                ],
                "resources": [],
                "sid": ""
              }
            ],
            "version": "2012-10-17"
          }
        }
      ]
    },
    {
      "module": "module.vpc",
      "mode": "data",
      "type": "aws_vpc_endpoint_service",
      "name": "apigw",
      "each": "list",
      "provider": "provider.aws",
      "instances": []
    },
    {
      "module": "module.vpc",
      "mode": "data",
      "type": "aws_vpc_endpoint_service",
      "name": "cloudtrail",
      "each": "list",
      "provider": "provider.aws",
      "instances": []
    },
    {
      "module": "module.vpc",
      "mode": "data",
      "type": "aws_vpc_endpoint_service",
      "name": "dynamodb",
      "each": "list",
      "provider": "provider.aws",
      "instances": []
    },
    {
      "module": "module.vpc",
      "mode": "data",
      "type": "aws_vpc_endpoint_service",
      "name": "ec2",
      "each": "list",
      "provider": "provider.aws",
      "instances": []
    },
    {
      "module": "module.vpc",
      "mode": "data",
      "type": "aws_vpc_endpoint_service",
      "name": "ec2messages",
      "each": "list",
      "provider": "provider.aws",
      "instances": []
    },
    {
      "module": "module.vpc",
      "mode": "data",
      "type": "aws_vpc_endpoint_service",
      "name": "ecr_api",
      "each": "list",
      "provider": "provider.aws",
      "instances": []
    },
    {
      "module": "module.vpc",
      "mode": "data",
      "type": "aws_vpc_endpoint_service",
      "name": "ecr_dkr",
      "each": "list",
      "provider": "provider.aws",
      "instances": []
    },
    {
      "module": "module.vpc",
      "mode": "data",
      "type": "aws_vpc_endpoint_service",
      "name": "ecs",
      "each": "list",
      "provider": "provider.aws",
      "instances": []
    },
    {
      "module": "module.vpc",
      "mode": "data",
      "type": "aws_vpc_endpoint_service",
      "name": "ecs_agent",
      "each": "list",
      "provider": "provider.aws",
      "instances": []
    },
    {
      "module": "module.vpc",
      "mode": "data",
      "type": "aws_vpc_endpoint_service",
      "name": "ecs_telemetry",
      "each": "list",
      "provider": "provider.aws",
      "instances": []
    },
    {
      "module": "module.vpc",
      "mode": "data",
      "type": "aws_vpc_endpoint_service",
      "name": "elasticloadbalancing",
      "each": "list",
      "provider": "provider.aws",
      "instances": []
    },
    {
      "module": "module.vpc",
      "mode": "data",
      "type": "aws_vpc_endpoint_service",
      "name": "events",
      "each": "list",
      "provider": "provider.aws",
      "instances": []
    },
    {
      "module": "module.vpc",
      "mode": "data",
      "type": "aws_vpc_endpoint_service",
      "name": "kms",
      "each": "list",
      "provider": "provider.aws",
      "instances": []
    },
    {
      "module": "module.vpc",
      "mode": "data",
      "type": "aws_vpc_endpoint_service",
      "name": "logs",
      "each": "list",
      "provider": "provider.aws",
      "instances": []
    },
    {
      "module": "module.vpc",
      "mode": "data",
      "type": "aws_vpc_endpoint_service",
      "name": "monitoring",
      "each": "list",
      "provider": "provider.aws",
      "instances": []
    },
    {
      "module": "module.vpc",
      "mode": "data",
      "type": "aws_vpc_endpoint_service",
      "name": "s3",
      "each": "list",
      "provider": "provider.aws",
      "instances": []
    },
    {
      "module": "module.vpc",
      "mode": "data",
      "type": "aws_vpc_endpoint_service",
      "name": "sns",
      "each": "list",
      "provider": "provider.aws",
      "instances": []
    },
    {
      "module": "module.vpc",
      "mode": "data",
      "type": "aws_vpc_endpoint_service",
      "name": "sqs",
      "each": "list",
      "provider": "provider.aws",
      "instances": []
    },
    {
      "module": "module.vpc",
      "mode": "data",
      "type": "aws_vpc_endpoint_service",
      "name": "ssm",
      "each": "list",
      "provider": "provider.aws",
      "instances": []
    },
    {
      "module": "module.vpc",
      "mode": "data",
      "type": "aws_vpc_endpoint_service",
      "name": "ssmmessages",
      "each": "list",
      "provider": "provider.aws",
      "instances": []
    },
    {
      "mode": "data",
      "type": "template_file",
      "name": "launch-configuration-wordpress_node",
      "provider": "provider.template",
      "instances": [
        {
          "schema_version": 0,
          "attributes": {
            "filename": null,
            "id": "0995a524537abdff06362d3df2f76cb34620d44bc3ba0bf41728bee3b95eda3f",
            "rendered": "#!/bin/bash\n\namazon-linux-extras install docker -y\n\nservice docker restart\n\ndocker run --name wordpress-demo -it -d --network host -e WORDPRESS_DB_HOST=wordpressmysql.cuqggah3vvxm.us-east-1.rds.amazonaws.com -e WORDPRESS_DB_USER=wordpress_user -e WORDPRESS_DB_PASSWORD=YourPwdShouldBeLongAndSecure! -e WORDPRESS_DB_NAME=wordpress_mysql wordpress:5.2.2-php7.1-apache",
            "template": "#!/bin/bash\n\namazon-linux-extras install docker -y\n\nservice docker restart\n\ndocker run --name wordpress-demo -it -d --network host -e WORDPRESS_DB_HOST=${WORDPRESS_DB_HOST} -e WORDPRESS_DB_USER=${WORDPRESS_DB_USER} -e WORDPRESS_DB_PASSWORD=${WORDPRESS_DB_PASSWORD} -e WORDPRESS_DB_NAME=${WORDPRESS_DB_NAME} wordpress:5.2.2-php7.1-apache",
            "vars": {
              "WORDPRESS_DB_HOST": "wordpressmysql.cuqggah3vvxm.us-east-1.rds.amazonaws.com",
              "WORDPRESS_DB_NAME": "wordpress_mysql",
              "WORDPRESS_DB_PASSWORD": "YourPwdShouldBeLongAndSecure!",
              "WORDPRESS_DB_USER": "wordpress_user"
            }
          },
          "depends_on": [
            "module.rds-mysql-wordpress"
          ]
        }
      ]
    },
    {
      "module": "module.asg",
      "mode": "managed",
      "type": "aws_autoscaling_group",
      "name": "this",
      "each": "list",
      "provider": "provider.aws",
      "instances": [
        {
          "index_key": 0,
          "schema_version": 0,
          "attributes": {
            "arn": "arn:aws:autoscaling:us-east-1:276493936417:autoScalingGroup:8ec9d10c-1e65-4b1d-bcf0-6c2df20fe132:autoScalingGroupName/wordpress-20190704061209730600000008",
            "availability_zones": [
              "us-east-1a",
              "us-east-1b",
              "us-east-1c"
            ],
            "default_cooldown": 300,
            "desired_capacity": 1,
            "enabled_metrics": [
              "GroupDesiredCapacity",
              "GroupInServiceInstances",
              "GroupMaxSize",
              "GroupMinSize",
              "GroupPendingInstances",
              "GroupStandbyInstances",
              "GroupTerminatingInstances",
              "GroupTotalInstances"
            ],
            "force_delete": false,
            "health_check_grace_period": 300,
            "health_check_type": "EC2",
            "id": "wordpress-20190704061209730600000008",
            "initial_lifecycle_hook": [],
            "launch_configuration": "wordpress-20190704061205657500000007",
            "launch_template": [],
            "load_balancers": [],
            "max_size": 1,
            "metrics_granularity": "1Minute",
            "min_elb_capacity": 0,
            "min_size": 0,
            "mixed_instances_policy": [],
            "name": "wordpress-20190704061209730600000008",
            "name_prefix": "wordpress-",
            "placement_group": "",
            "protect_from_scale_in": false,
            "service_linked_role_arn": "arn:aws:iam::276493936417:role/aws-service-role/autoscaling.amazonaws.com/AWSServiceRoleForAutoScaling",
            "suspended_processes": null,
            "tag": [],
            "tags": [
              {
                "key": "Name",
                "propagate_at_launch": "true",
                "value": "wordpress"
              },
              {
                "key": "Environment",
                "propagate_at_launch": "true",
                "value": "dev"
              },
              {
                "key": "Owner",
                "propagate_at_launch": "true",
                "value": "quangpm"
              }
            ],
            "target_group_arns": [],
            "termination_policies": [
              "Default"
            ],
            "timeouts": null,
            "vpc_zone_identifier": [
              "subnet-03ad27ff9606bfc05",
              "subnet-0cb51dcee3efad478",
              "subnet-0e1f43935c2ec421e"
            ],
            "wait_for_capacity_timeout": "0",
            "wait_for_elb_capacity": null
          },
          "private": "eyJlMmJmYjczMC1lY2FhLTExZTYtOGY4OC0zNDM2M2JjN2M0YzAiOnsiZGVsZXRlIjo2MDAwMDAwMDAwMDB9fQ==",
          "depends_on": [
            "aws_launch_configuration.this",
            "random_pet.asg_name"
          ]
        }
      ]
    },
    {
      "module": "module.asg",
      "mode": "managed",
      "type": "aws_autoscaling_group",
      "name": "this_with_initial_lifecycle_hook",
      "each": "list",
      "provider": "provider.aws",
      "instances": []
    },
    {
      "module": "module.rds-mysql-wordpress.module.db_instance",
      "mode": "managed",
      "type": "aws_db_instance",
      "name": "this",
      "each": "list",
      "provider": "provider.aws",
      "instances": [
        {
          "index_key": 0,
          "schema_version": 0,
          "attributes": {
            "address": "wordpressmysql.cuqggah3vvxm.us-east-1.rds.amazonaws.com",
            "allocated_storage": 10,
            "allow_major_version_upgrade": false,
            "apply_immediately": false,
            "arn": "arn:aws:rds:us-east-1:276493936417:db:wordpressmysql",
            "auto_minor_version_upgrade": true,
            "availability_zone": "us-east-1b",
            "backup_retention_period": 1,
            "backup_window": "03:00-06:00",
            "ca_cert_identifier": "rds-ca-2015",
            "character_set_name": null,
            "copy_tags_to_snapshot": false,
            "db_subnet_group_name": "wordpressmysql-20190704060200917400000006",
            "deletion_protection": false,
            "domain": "",
            "domain_iam_role_name": "",
            "enabled_cloudwatch_logs_exports": [],
            "endpoint": "wordpressmysql.cuqggah3vvxm.us-east-1.rds.amazonaws.com:3306",
            "engine": "mysql",
            "engine_version": "5.7.19",
            "final_snapshot_identifier": null,
            "hosted_zone_id": "Z2R2ITUGPM61AM",
            "iam_database_authentication_enabled": false,
            "id": "wordpressmysql",
            "identifier": "wordpressmysql",
            "identifier_prefix": null,
            "instance_class": "db.t2.micro",
            "iops": 0,
            "kms_key_id": "",
            "license_model": "general-public-license",
            "maintenance_window": "mon:00:00-mon:03:00",
            "max_allocated_storage": 0,
            "monitoring_interval": 0,
            "monitoring_role_arn": null,
            "multi_az": false,
            "name": "wordpress_mysql",
            "option_group_name": "wordpressmysql-20190704060139031300000001",
            "parameter_group_name": "wordpressmysql-20190704060139031600000002",
            "password": "YourPwdShouldBeLongAndSecure!",
            "performance_insights_enabled": false,
            "performance_insights_kms_key_id": "",
            "performance_insights_retention_period": 0,
            "port": 3306,
            "publicly_accessible": false,
            "replicas": [],
            "replicate_source_db": "",
            "resource_id": "db-GB557P6VFPEL4DLRR7RXF77R7E",
            "s3_import": [],
            "security_group_names": null,
            "skip_final_snapshot": true,
            "snapshot_identifier": null,
            "status": "available",
            "storage_encrypted": false,
            "storage_type": "gp2",
            "tags": {
              "Environment": "dev",
              "Name": "wordpressmysql",
              "Owner": "quangpm"
            },
            "timeouts": {
              "create": "40m",
              "delete": "40m",
              "update": "80m"
            },
            "timezone": "",
            "username": "wordpress_user",
            "vpc_security_group_ids": [
              "sg-06d22e78725f462ee"
            ]
          },
          "private": "eyJlMmJmYjczMC1lY2FhLTExZTYtOGY4OC0zNDM2M2JjN2M0YzAiOnsiY3JlYXRlIjoyNDAwMDAwMDAwMDAwLCJkZWxldGUiOjI0MDAwMDAwMDAwMDAsInVwZGF0ZSI6NDgwMDAwMDAwMDAwMH19",
          "depends_on": [
            "aws_iam_role.enhanced_monitoring"
          ]
        }
      ]
    },
    {
      "module": "module.rds-mysql-wordpress.module.db_instance",
      "mode": "managed",
      "type": "aws_db_instance",
      "name": "this_mssql",
      "each": "list",
      "provider": "provider.aws",
      "instances": []
    },
    {
      "module": "module.rds-mysql-wordpress.module.db_option_group",
      "mode": "managed",
      "type": "aws_db_option_group",
      "name": "this",
      "each": "list",
      "provider": "provider.aws",
      "instances": [
        {
          "index_key": 0,
          "schema_version": 0,
          "attributes": {
            "arn": "arn:aws:rds:us-east-1:276493936417:og:wordpressmysql-20190704060139031300000001",
            "engine_name": "mysql",
            "id": "wordpressmysql-20190704060139031300000001",
            "major_engine_version": "5.7",
            "name": "wordpressmysql-20190704060139031300000001",
            "name_prefix": "wordpressmysql-",
            "option": [],
            "option_group_description": "Option group for wordpressmysql",
            "tags": {
              "Environment": "dev",
              "Name": "wordpressmysql",
              "Owner": "quangpm"
            },
            "timeouts": null
          },
          "private": "eyJlMmJmYjczMC1lY2FhLTExZTYtOGY4OC0zNDM2M2JjN2M0YzAiOnsiZGVsZXRlIjo5MDAwMDAwMDAwMDB9fQ=="
        }
      ]
    },
    {
      "module": "module.rds-mysql-wordpress.module.db_parameter_group",
      "mode": "managed",
      "type": "aws_db_parameter_group",
      "name": "this",
      "each": "list",
      "provider": "provider.aws",
      "instances": [
        {
          "index_key": 0,
          "schema_version": 0,
          "attributes": {
            "arn": "arn:aws:rds:us-east-1:276493936417:pg:wordpressmysql-20190704060139031600000002",
            "description": "Database parameter group for wordpressmysql",
            "family": "mysql5.7",
            "id": "wordpressmysql-20190704060139031600000002",
            "name": "wordpressmysql-20190704060139031600000002",
            "name_prefix": "wordpressmysql-",
            "parameter": [
              {
                "apply_method": "immediate",
                "name": "character_set_client",
                "value": "utf8"
              },
              {
                "apply_method": "immediate",
                "name": "character_set_server",
                "value": "utf8"
              }
            ],
            "tags": {
              "Environment": "dev",
              "Name": "wordpressmysql",
              "Owner": "quangpm"
            }
          },
          "private": "bnVsbA=="
        }
      ]
    },
    {
      "module": "module.rds-mysql-wordpress.module.db_parameter_group",
      "mode": "managed",
      "type": "aws_db_parameter_group",
      "name": "this_no_prefix",
      "each": "list",
      "provider": "provider.aws",
      "instances": []
    },
    {
      "module": "module.vpc",
      "mode": "managed",
      "type": "aws_db_subnet_group",
      "name": "database",
      "each": "list",
      "provider": "provider.aws",
      "instances": []
    },
    {
      "module": "module.rds-mysql-wordpress.module.db_subnet_group",
      "mode": "managed",
      "type": "aws_db_subnet_group",
      "name": "this",
      "each": "list",
      "provider": "provider.aws",
      "instances": [
        {
          "index_key": 0,
          "schema_version": 0,
          "attributes": {
            "arn": "arn:aws:rds:us-east-1:276493936417:subgrp:wordpressmysql-20190704060200917400000006",
            "description": "Database subnet group for wordpressmysql",
            "id": "wordpressmysql-20190704060200917400000006",
            "name": "wordpressmysql-20190704060200917400000006",
            "name_prefix": "wordpressmysql-",
            "subnet_ids": [
              "subnet-03ad27ff9606bfc05",
              "subnet-0cb51dcee3efad478",
              "subnet-0e1f43935c2ec421e"
            ],
            "tags": {
              "Environment": "dev",
              "Name": "wordpressmysql",
              "Owner": "quangpm"
            }
          },
          "private": "bnVsbA=="
        }
      ]
    },
    {
      "module": "module.vpc",
      "mode": "managed",
      "type": "aws_default_network_acl",
      "name": "this",
      "each": "list",
      "provider": "provider.aws",
      "instances": []
    },
    {
      "module": "module.vpc",
      "mode": "managed",
      "type": "aws_default_vpc",
      "name": "this",
      "each": "list",
      "provider": "provider.aws",
      "instances": []
    },
    {
      "module": "module.vpc",
      "mode": "managed",
      "type": "aws_eip",
      "name": "nat",
      "each": "list",
      "provider": "provider.aws",
      "instances": [
        {
          "index_key": 0,
          "schema_version": 0,
          "attributes": {
            "allocation_id": null,
            "associate_with_private_ip": null,
            "association_id": "",
            "domain": "vpc",
            "id": "eipalloc-0a57174277d1dcc8a",
            "instance": "",
            "network_interface": "",
            "private_dns": null,
            "private_ip": "",
            "public_dns": "ec2-34-226-158-57.compute-1.amazonaws.com",
            "public_ip": "34.226.158.57",
            "public_ipv4_pool": "amazon",
            "tags": {
              "Environment": "dev",
              "Name": "wordpress",
              "Owner": "quangpm"
            },
            "timeouts": null,
            "vpc": true
          },
          "private": "eyJlMmJmYjczMC1lY2FhLTExZTYtOGY4OC0zNDM2M2JjN2M0YzAiOnsiZGVsZXRlIjoxODAwMDAwMDAwMDAsInJlYWQiOjkwMDAwMDAwMDAwMCwidXBkYXRlIjozMDAwMDAwMDAwMDB9fQ=="
        }
      ]
    },
    {
      "module": "module.vpc",
      "mode": "managed",
      "type": "aws_elasticache_subnet_group",
      "name": "elasticache",
      "each": "list",
      "provider": "provider.aws",
      "instances": []
    },
    {
      "module": "module.elb.module.elb",
      "mode": "managed",
      "type": "aws_elb",
      "name": "this",
      "provider": "provider.aws",
      "instances": [
        {
          "schema_version": 0,
          "attributes": {
            "access_logs": [],
            "arn": "arn:aws:elasticloadbalancing:us-east-1:276493936417:loadbalancer/wordpress",
            "availability_zones": [
              "us-east-1a",
              "us-east-1b",
              "us-east-1c"
            ],
            "connection_draining": false,
            "connection_draining_timeout": 300,
            "cross_zone_load_balancing": true,
            "dns_name": "wordpress-1780354064.us-east-1.elb.amazonaws.com",
            "health_check": [
              {
                "healthy_threshold": 2,
                "interval": 30,
                "target": "TCP:80",
                "timeout": 5,
                "unhealthy_threshold": 2
              }
            ],
            "id": "wordpress",
            "idle_timeout": 60,
            "instances": [],
            "internal": false,
            "listener": [
              {
                "instance_port": 80,
                "instance_protocol": "HTTP",
                "lb_port": 80,
                "lb_protocol": "HTTP",
                "ssl_certificate_id": ""
              }
            ],
            "name": "wordpress",
            "name_prefix": null,
            "security_groups": [
              "sg-08eb0669ef9b5b14e"
            ],
            "source_security_group": "276493936417/     wordpress-elb-20190704060154385100000003",
            "source_security_group_id": "sg-08eb0669ef9b5b14e",
            "subnets": [
              "subnet-02392acfddb27af8d",
              "subnet-062ae34f591be432e",
              "subnet-0d677402a51e97238"
            ],
            "tags": {
              "Environment": "dev",
              "Name": "wordpress",
              "Owner": "quangpm"
            },
            "zone_id": "Z35SXDOTRQ7X7K"
          },
          "private": "bnVsbA=="
        }
      ]
    },
    {
      "module": "module.elb.module.elb_attachment",
      "mode": "managed",
      "type": "aws_elb_attachment",
      "name": "this",
      "each": "list",
      "provider": "provider.aws",
      "instances": []
    },
    {
      "module": "module.rds-mysql-wordpress.module.db_instance",
      "mode": "managed",
      "type": "aws_iam_role",
      "name": "enhanced_monitoring",
      "each": "list",
      "provider": "provider.aws",
      "instances": []
    },
    {
      "module": "module.rds-mysql-wordpress.module.db_instance",
      "mode": "managed",
      "type": "aws_iam_role_policy_attachment",
      "name": "enhanced_monitoring",
      "each": "list",
      "provider": "provider.aws",
      "instances": []
    },
    {
      "module": "module.vpc",
      "mode": "managed",
      "type": "aws_internet_gateway",
      "name": "this",
      "each": "list",
      "provider": "provider.aws",
      "instances": [
        {
          "index_key": 0,
          "schema_version": 0,
          "attributes": {
            "id": "igw-0c0ff49350125dbb3",
            "owner_id": "276493936417",
            "tags": {
              "Environment": "dev",
              "Name": "wordpress",
              "Owner": "quangpm"
            },
            "vpc_id": "vpc-042257ed8847cb257"
          },
          "private": "bnVsbA=="
        }
      ]
    },
    {
      "mode": "managed",
      "type": "aws_key_pair",
      "name": "sshkey",
      "provider": "provider.aws",
      "instances": [
        {
          "schema_version": 1,
          "attributes": {
            "fingerprint": "74:97:6c:f6:aa:96:62:e5:1e:7f:8f:99:1e:dd:b9:03",
            "id": "quangpm",
            "key_name": "quangpm",
            "key_name_prefix": null,
            "public_key": "ssh-rsa AAAAB3NzaC1yc2EAAAADAQABAAACAQCoiNWXkWZuko1YLRzW3hg7iTdIu8e8QhFK2HPY4MH17aW+9eqBq4hfv5vqNpuu2LgXUGKCkCCGR5X62c/8B5M+imJrUnf6H8oGdxXmRHJ1OfvZWabVmFQXhf14S9rzIi/0P4qvxRT8IowS/5zzFcYJJN+5iZRFRwPlVjrn/a8dKQzAeLLF1KzNqmPtVQk9gsGow0GjQgUhse64iya9gXUtn8ez2HEeJ4cALSex5F7oEGcX9+tYzcgBw4LS3d0i3/QeliJe5MnNkbQUfhuR0vZh+B+Va5cZbtBG3ALm2Xz1/QQhbQ7b6YBHE/QOsiv/VER1hgD59OjM4qe5peyqFv3jU0oR+zdFeklakxphypcRwp0is8y9BO2XsAhnpSZVqnx6uehvCSzOZNwhE2tdSYbxvgorzkONzQrK2KCQ7rBaOlr9jhHcIHqc/l94AmmcOMEa81v9YVxt41T/C36z7ws++0+KFTEgQU6x5juSVNfp9fHVwyl8kF4bx0nGSjLh+A2JVH+So29OcxsDekiKJRGLUGLc9SBWmItwbGTaf0xcgZIlMETUnRgHsTc6MPtHpuG0vVEJhoLXgwCwALSkmXJlGb5GXNZcsr72aHN1yd4IXk4A+JuP6yCQDm/8fPM6G+d/R9yKIj1+z4gCgIjJmqu/KPqSxl6axdOvFJ1n1Az/xQ== quangpm"
          },
          "private": "eyJzY2hlbWFfdmVyc2lvbiI6IjEifQ=="
        }
      ]
    },
    {
      "module": "module.asg",
      "mode": "managed",
      "type": "aws_launch_configuration",
      "name": "this",
      "each": "list",
      "provider": "provider.aws",
      "instances": [
        {
          "index_key": 0,
          "schema_version": 0,
          "attributes": {
            "associate_public_ip_address": false,
            "ebs_block_device": [],
            "ebs_optimized": false,
            "enable_monitoring": true,
            "ephemeral_block_device": [],
            "iam_instance_profile": "",
            "id": "wordpress-20190704061205657500000007",
            "image_id": "ami-0c6b1d09930fac512",
            "instance_type": "t2.micro",
            "key_name": "quangpm",
            "name": "wordpress-20190704061205657500000007",
            "name_prefix": "wordpress-",
            "placement_tenancy": "default",
            "root_block_device": [
              {
                "delete_on_termination": true,
                "iops": 0,
                "volume_size": 50,
                "volume_type": "gp2"
              }
            ],
            "security_groups": [
              "sg-0488ad1ead5dc2ad0"
            ],
            "spot_price": "",
            "user_data": "7bade87091f86504c9e6c912fbecd3203ec1f611",
            "user_data_base64": null,
            "vpc_classic_link_id": "",
            "vpc_classic_link_security_groups": null
          },
          "private": "bnVsbA=="
        }
      ]
    },
    {
      "module": "module.vpc",
      "mode": "managed",
      "type": "aws_nat_gateway",
      "name": "this",
      "each": "list",
      "provider": "provider.aws",
      "instances": [
        {
          "index_key": 0,
          "schema_version": 0,
          "attributes": {
            "allocation_id": "eipalloc-0a57174277d1dcc8a",
            "id": "nat-02efc9f7db30d36d2",
            "network_interface_id": "eni-029b743f8fe938fb4",
            "private_ip": "10.0.101.213",
            "public_ip": "34.226.158.57",
            "subnet_id": "subnet-062ae34f591be432e",
            "tags": {
              "Environment": "dev",
              "Name": "wordpress",
              "Owner": "quangpm"
            }
          },
          "private": "bnVsbA==",
          "depends_on": [
            "aws_internet_gateway.this",
            "aws_subnet.public"
          ]
        }
      ]
    },
    {
      "module": "module.vpc",
      "mode": "managed",
      "type": "aws_network_acl",
      "name": "database",
      "each": "list",
      "provider": "provider.aws",
      "instances": []
    },
    {
      "module": "module.vpc",
      "mode": "managed",
      "type": "aws_network_acl",
      "name": "elasticache",
      "each": "list",
      "provider": "provider.aws",
      "instances": []
    },
    {
      "module": "module.vpc",
      "mode": "managed",
      "type": "aws_network_acl",
      "name": "intra",
      "each": "list",
      "provider": "provider.aws",
      "instances": []
    },
    {
      "module": "module.vpc",
      "mode": "managed",
      "type": "aws_network_acl",
      "name": "private",
      "each": "list",
      "provider": "provider.aws",
      "instances": []
    },
    {
      "module": "module.vpc",
      "mode": "managed",
      "type": "aws_network_acl",
      "name": "public",
      "each": "list",
      "provider": "provider.aws",
      "instances": []
    },
    {
      "module": "module.vpc",
      "mode": "managed",
      "type": "aws_network_acl",
      "name": "redshift",
      "each": "list",
      "provider": "provider.aws",
      "instances": []
    },
    {
      "module": "module.vpc",
      "mode": "managed",
      "type": "aws_network_acl_rule",
      "name": "database_inbound",
      "each": "list",
      "provider": "provider.aws",
      "instances": []
    },
    {
      "module": "module.vpc",
      "mode": "managed",
      "type": "aws_network_acl_rule",
      "name": "database_outbound",
      "each": "list",
      "provider": "provider.aws",
      "instances": []
    },
    {
      "module": "module.vpc",
      "mode": "managed",
      "type": "aws_network_acl_rule",
      "name": "elasticache_inbound",
      "each": "list",
      "provider": "provider.aws",
      "instances": []
    },
    {
      "module": "module.vpc",
      "mode": "managed",
      "type": "aws_network_acl_rule",
      "name": "elasticache_outbound",
      "each": "list",
      "provider": "provider.aws",
      "instances": []
    },
    {
      "module": "module.vpc",
      "mode": "managed",
      "type": "aws_network_acl_rule",
      "name": "intra_inbound",
      "each": "list",
      "provider": "provider.aws",
      "instances": []
    },
    {
      "module": "module.vpc",
      "mode": "managed",
      "type": "aws_network_acl_rule",
      "name": "intra_outbound",
      "each": "list",
      "provider": "provider.aws",
      "instances": []
    },
    {
      "module": "module.vpc",
      "mode": "managed",
      "type": "aws_network_acl_rule",
      "name": "private_inbound",
      "each": "list",
      "provider": "provider.aws",
      "instances": []
    },
    {
      "module": "module.vpc",
      "mode": "managed",
      "type": "aws_network_acl_rule",
      "name": "private_outbound",
      "each": "list",
      "provider": "provider.aws",
      "instances": []
    },
    {
      "module": "module.vpc",
      "mode": "managed",
      "type": "aws_network_acl_rule",
      "name": "public_inbound",
      "each": "list",
      "provider": "provider.aws",
      "instances": []
    },
    {
      "module": "module.vpc",
      "mode": "managed",
      "type": "aws_network_acl_rule",
      "name": "public_outbound",
      "each": "list",
      "provider": "provider.aws",
      "instances": []
    },
    {
      "module": "module.vpc",
      "mode": "managed",
      "type": "aws_network_acl_rule",
      "name": "redshift_inbound",
      "each": "list",
      "provider": "provider.aws",
      "instances": []
    },
    {
      "module": "module.vpc",
      "mode": "managed",
      "type": "aws_network_acl_rule",
      "name": "redshift_outbound",
      "each": "list",
      "provider": "provider.aws",
      "instances": []
    },
    {
      "module": "module.vpc",
      "mode": "managed",
      "type": "aws_redshift_subnet_group",
      "name": "redshift",
      "each": "list",
      "provider": "provider.aws",
      "instances": []
    },
    {
      "module": "module.vpc",
      "mode": "managed",
      "type": "aws_route",
      "name": "database_internet_gateway",
      "each": "list",
      "provider": "provider.aws",
      "instances": []
    },
    {
      "module": "module.vpc",
      "mode": "managed",
      "type": "aws_route",
      "name": "database_nat_gateway",
      "each": "list",
      "provider": "provider.aws",
      "instances": []
    },
    {
      "module": "module.vpc",
      "mode": "managed",
      "type": "aws_route",
      "name": "private_nat_gateway",
      "each": "list",
      "provider": "provider.aws",
      "instances": [
        {
          "index_key": 0,
          "schema_version": 0,
          "attributes": {
            "destination_cidr_block": "0.0.0.0/0",
            "destination_ipv6_cidr_block": null,
            "destination_prefix_list_id": "",
            "egress_only_gateway_id": "",
            "gateway_id": "",
            "id": "r-rtb-041b7be9ea3aee1cc1080289494",
            "instance_id": "",
            "instance_owner_id": "",
            "nat_gateway_id": "nat-02efc9f7db30d36d2",
            "network_interface_id": "",
            "origin": "CreateRoute",
            "route_table_id": "rtb-041b7be9ea3aee1cc",
            "state": "active",
            "timeouts": {
              "create": "5m",
              "delete": null
            },
            "transit_gateway_id": "",
            "vpc_peering_connection_id": ""
          },
          "private": "eyJlMmJmYjczMC1lY2FhLTExZTYtOGY4OC0zNDM2M2JjN2M0YzAiOnsiY3JlYXRlIjozMDAwMDAwMDAwMDAsImRlbGV0ZSI6MzAwMDAwMDAwMDAwfX0=",
          "depends_on": [
            "aws_nat_gateway.this",
            "aws_route_table.private"
          ]
        }
      ]
    },
    {
      "module": "module.vpc",
      "mode": "managed",
      "type": "aws_route",
      "name": "public_internet_gateway",
      "each": "list",
      "provider": "provider.aws",
      "instances": [
        {
          "index_key": 0,
          "schema_version": 0,
          "attributes": {
            "destination_cidr_block": "0.0.0.0/0",
            "destination_ipv6_cidr_block": null,
            "destination_prefix_list_id": "",
            "egress_only_gateway_id": "",
            "gateway_id": "igw-0c0ff49350125dbb3",
            "id": "r-rtb-0c30f4657d4487bf81080289494",
            "instance_id": "",
            "instance_owner_id": "",
            "nat_gateway_id": "",
            "network_interface_id": "",
            "origin": "CreateRoute",
            "route_table_id": "rtb-0c30f4657d4487bf8",
            "state": "active",
            "timeouts": {
              "create": "5m",
              "delete": null
            },
            "transit_gateway_id": "",
            "vpc_peering_connection_id": ""
          },
          "private": "eyJlMmJmYjczMC1lY2FhLTExZTYtOGY4OC0zNDM2M2JjN2M0YzAiOnsiY3JlYXRlIjozMDAwMDAwMDAwMDAsImRlbGV0ZSI6MzAwMDAwMDAwMDAwfX0=",
          "depends_on": [
            "aws_internet_gateway.this[0]",
            "aws_route_table.public[0]"
          ]
        }
      ]
    },
    {
      "module": "module.vpc",
      "mode": "managed",
      "type": "aws_route_table",
      "name": "database",
      "each": "list",
      "provider": "provider.aws",
      "instances": []
    },
    {
      "module": "module.vpc",
      "mode": "managed",
      "type": "aws_route_table",
      "name": "elasticache",
      "each": "list",
      "provider": "provider.aws",
      "instances": []
    },
    {
      "module": "module.vpc",
      "mode": "managed",
      "type": "aws_route_table",
      "name": "intra",
      "each": "list",
      "provider": "provider.aws",
      "instances": []
    },
    {
      "module": "module.vpc",
      "mode": "managed",
      "type": "aws_route_table",
      "name": "private",
      "each": "list",
      "provider": "provider.aws",
      "instances": [
        {
          "index_key": 0,
          "schema_version": 0,
          "attributes": {
            "id": "rtb-041b7be9ea3aee1cc",
            "owner_id": "276493936417",
            "propagating_vgws": [],
            "route": [],
            "tags": {
              "Environment": "dev",
              "Name": "wordpress",
              "Owner": "quangpm"
            },
            "vpc_id": "vpc-042257ed8847cb257"
          },
          "private": "bnVsbA=="
        }
      ]
    },
    {
      "module": "module.vpc",
      "mode": "managed",
      "type": "aws_route_table",
      "name": "public",
      "each": "list",
      "provider": "provider.aws",
      "instances": [
        {
          "index_key": 0,
          "schema_version": 0,
          "attributes": {
            "id": "rtb-0c30f4657d4487bf8",
            "owner_id": "276493936417",
            "propagating_vgws": [],
            "route": [],
            "tags": {
              "Environment": "dev",
              "Name": "wordpress",
              "Owner": "quangpm"
            },
            "vpc_id": "vpc-042257ed8847cb257"
          },
          "private": "bnVsbA=="
        }
      ]
    },
    {
      "module": "module.vpc",
      "mode": "managed",
      "type": "aws_route_table",
      "name": "redshift",
      "each": "list",
      "provider": "provider.aws",
      "instances": []
    },
    {
      "module": "module.vpc",
      "mode": "managed",
      "type": "aws_route_table_association",
      "name": "database",
      "each": "list",
      "provider": "provider.aws",
      "instances": []
    },
    {
      "module": "module.vpc",
      "mode": "managed",
      "type": "aws_route_table_association",
      "name": "elasticache",
      "each": "list",
      "provider": "provider.aws",
      "instances": []
    },
    {
      "module": "module.vpc",
      "mode": "managed",
      "type": "aws_route_table_association",
      "name": "intra",
      "each": "list",
      "provider": "provider.aws",
      "instances": []
    },
    {
      "module": "module.vpc",
      "mode": "managed",
      "type": "aws_route_table_association",
      "name": "private",
      "each": "list",
      "provider": "provider.aws",
      "instances": [
        {
          "index_key": 0,
          "schema_version": 0,
          "attributes": {
            "id": "rtbassoc-01da46658d0489f6d",
            "route_table_id": "rtb-041b7be9ea3aee1cc",
            "subnet_id": "subnet-03ad27ff9606bfc05"
          },
          "private": "bnVsbA==",
          "depends_on": [
            "aws_route_table.private",
            "aws_subnet.private"
          ]
        },
        {
          "index_key": 1,
          "schema_version": 0,
          "attributes": {
            "id": "rtbassoc-08f0c76034ace2c98",
            "route_table_id": "rtb-041b7be9ea3aee1cc",
            "subnet_id": "subnet-0cb51dcee3efad478"
          },
          "private": "bnVsbA==",
          "depends_on": [
            "aws_route_table.private",
            "aws_subnet.private"
          ]
        },
        {
          "index_key": 2,
          "schema_version": 0,
          "attributes": {
            "id": "rtbassoc-0a2a4c6192375e440",
            "route_table_id": "rtb-041b7be9ea3aee1cc",
            "subnet_id": "subnet-0e1f43935c2ec421e"
          },
          "private": "bnVsbA==",
          "depends_on": [
            "aws_route_table.private",
            "aws_subnet.private"
          ]
        }
      ]
    },
    {
      "module": "module.vpc",
      "mode": "managed",
      "type": "aws_route_table_association",
      "name": "public",
      "each": "list",
      "provider": "provider.aws",
      "instances": [
        {
          "index_key": 0,
          "schema_version": 0,
          "attributes": {
            "id": "rtbassoc-0246b08eb454c9965",
            "route_table_id": "rtb-0c30f4657d4487bf8",
            "subnet_id": "subnet-062ae34f591be432e"
          },
          "private": "bnVsbA==",
          "depends_on": [
            "aws_route_table.public[0]",
            "aws_subnet.public"
          ]
        },
        {
          "index_key": 1,
          "schema_version": 0,
          "attributes": {
            "id": "rtbassoc-0a3add4e990c0d7e4",
            "route_table_id": "rtb-0c30f4657d4487bf8",
            "subnet_id": "subnet-02392acfddb27af8d"
          },
          "private": "bnVsbA==",
          "depends_on": [
            "aws_route_table.public[0]",
            "aws_subnet.public"
          ]
        },
        {
          "index_key": 2,
          "schema_version": 0,
          "attributes": {
            "id": "rtbassoc-0c41946a97f7f33cc",
            "route_table_id": "rtb-0c30f4657d4487bf8",
            "subnet_id": "subnet-0d677402a51e97238"
          },
          "private": "bnVsbA==",
          "depends_on": [
            "aws_route_table.public[0]",
            "aws_subnet.public"
          ]
        }
      ]
    },
    {
      "module": "module.vpc",
      "mode": "managed",
      "type": "aws_route_table_association",
      "name": "redshift",
      "each": "list",
      "provider": "provider.aws",
      "instances": []
    },
    {
      "module": "module.vpc",
      "mode": "managed",
      "type": "aws_route_table_association",
      "name": "redshift_public",
      "each": "list",
      "provider": "provider.aws",
      "instances": []
    },
    {
      "module": "module.sg-wordpress-node",
      "mode": "managed",
      "type": "aws_security_group",
      "name": "this",
      "each": "list",
      "provider": "provider.aws",
      "instances": []
    },
    {
      "module": "module.sg-wordpress-rds-mysql",
      "mode": "managed",
      "type": "aws_security_group",
      "name": "this",
      "each": "list",
      "provider": "provider.aws",
      "instances": []
    },
    {
      "module": "module.sg-wordpress-elb",
      "mode": "managed",
      "type": "aws_security_group",
      "name": "this",
      "each": "list",
      "provider": "provider.aws",
      "instances": []
    },
    {
      "module": "module.sg-wordpress-node",
      "mode": "managed",
      "type": "aws_security_group",
      "name": "this_name_prefix",
      "each": "list",
      "provider": "provider.aws",
      "instances": [
        {
          "index_key": 0,
          "schema_version": 1,
          "attributes": {
            "arn": "arn:aws:ec2:us-east-1:276493936417:security-group/sg-0488ad1ead5dc2ad0",
            "description": "Security Group managed by Terraform",
            "egress": [],
            "id": "sg-0488ad1ead5dc2ad0",
            "ingress": [],
            "name": "wordpress-node-20190704060154385400000004",
            "name_prefix": "wordpress-node-",
            "owner_id": "276493936417",
            "revoke_rules_on_delete": false,
            "tags": {
              "Name": "wordpress-node"
            },
            "timeouts": null,
            "vpc_id": "vpc-042257ed8847cb257"
          },
          "private": "eyJlMmJmYjczMC1lY2FhLTExZTYtOGY4OC0zNDM2M2JjN2M0YzAiOnsiY3JlYXRlIjo2MDAwMDAwMDAwMDAsImRlbGV0ZSI6NjAwMDAwMDAwMDAwfSwic2NoZW1hX3ZlcnNpb24iOiIxIn0="
        }
      ]
    },
    {
      "module": "module.sg-wordpress-rds-mysql",
      "mode": "managed",
      "type": "aws_security_group",
      "name": "this_name_prefix",
      "each": "list",
      "provider": "provider.aws",
      "instances": [
        {
          "index_key": 0,
          "schema_version": 1,
          "attributes": {
            "arn": "arn:aws:ec2:us-east-1:276493936417:security-group/sg-06d22e78725f462ee",
            "description": "Security Group managed by Terraform",
            "egress": [],
            "id": "sg-06d22e78725f462ee",
            "ingress": [],
            "name": "wordpress-rds-mysql-20190704060159603900000005",
            "name_prefix": "wordpress-rds-mysql-",
            "owner_id": "276493936417",
            "revoke_rules_on_delete": false,
            "tags": {
              "Name": "wordpress-rds-mysql"
            },
            "timeouts": null,
            "vpc_id": "vpc-042257ed8847cb257"
          },
          "private": "eyJlMmJmYjczMC1lY2FhLTExZTYtOGY4OC0zNDM2M2JjN2M0YzAiOnsiY3JlYXRlIjo2MDAwMDAwMDAwMDAsImRlbGV0ZSI6NjAwMDAwMDAwMDAwfSwic2NoZW1hX3ZlcnNpb24iOiIxIn0="
        }
      ]
    },
    {
      "module": "module.sg-wordpress-elb",
      "mode": "managed",
      "type": "aws_security_group",
      "name": "this_name_prefix",
      "each": "list",
      "provider": "provider.aws",
      "instances": [
        {
          "index_key": 0,
          "schema_version": 1,
          "attributes": {
            "arn": "arn:aws:ec2:us-east-1:276493936417:security-group/sg-08eb0669ef9b5b14e",
            "description": "Security Group managed by Terraform",
            "egress": [],
            "id": "sg-08eb0669ef9b5b14e",
            "ingress": [],
            "name": "     wordpress-elb-20190704060154385100000003",
            "name_prefix": "     wordpress-elb-",
            "owner_id": "276493936417",
            "revoke_rules_on_delete": false,
            "tags": {
              "Name": "     wordpress-elb"
            },
            "timeouts": null,
            "vpc_id": "vpc-042257ed8847cb257"
          },
          "private": "eyJlMmJmYjczMC1lY2FhLTExZTYtOGY4OC0zNDM2M2JjN2M0YzAiOnsiY3JlYXRlIjo2MDAwMDAwMDAwMDAsImRlbGV0ZSI6NjAwMDAwMDAwMDAwfSwic2NoZW1hX3ZlcnNpb24iOiIxIn0="
        }
      ]
    },
    {
      "module": "module.sg-wordpress-node",
      "mode": "managed",
      "type": "aws_security_group_rule",
      "name": "computed_egress_rules",
      "each": "list",
      "provider": "provider.aws",
      "instances": []
    },
    {
      "module": "module.sg-wordpress-rds-mysql",
      "mode": "managed",
      "type": "aws_security_group_rule",
      "name": "computed_egress_rules",
      "each": "list",
      "provider": "provider.aws",
      "instances": []
    },
    {
      "module": "module.sg-wordpress-elb",
      "mode": "managed",
      "type": "aws_security_group_rule",
      "name": "computed_egress_rules",
      "each": "list",
      "provider": "provider.aws",
      "instances": []
    },
    {
      "module": "module.sg-wordpress-node",
      "mode": "managed",
      "type": "aws_security_group_rule",
      "name": "computed_egress_with_cidr_blocks",
      "each": "list",
      "provider": "provider.aws",
      "instances": []
    },
    {
      "module": "module.sg-wordpress-rds-mysql",
      "mode": "managed",
      "type": "aws_security_group_rule",
      "name": "computed_egress_with_cidr_blocks",
      "each": "list",
      "provider": "provider.aws",
      "instances": []
    },
    {
      "module": "module.sg-wordpress-elb",
      "mode": "managed",
      "type": "aws_security_group_rule",
      "name": "computed_egress_with_cidr_blocks",
      "each": "list",
      "provider": "provider.aws",
      "instances": []
    },
    {
      "module": "module.sg-wordpress-node",
      "mode": "managed",
      "type": "aws_security_group_rule",
      "name": "computed_egress_with_ipv6_cidr_blocks",
      "each": "list",
      "provider": "provider.aws",
      "instances": []
    },
    {
      "module": "module.sg-wordpress-rds-mysql",
      "mode": "managed",
      "type": "aws_security_group_rule",
      "name": "computed_egress_with_ipv6_cidr_blocks",
      "each": "list",
      "provider": "provider.aws",
      "instances": []
    },
    {
      "module": "module.sg-wordpress-elb",
      "mode": "managed",
      "type": "aws_security_group_rule",
      "name": "computed_egress_with_ipv6_cidr_blocks",
      "each": "list",
      "provider": "provider.aws",
      "instances": []
    },
    {
      "module": "module.sg-wordpress-node",
      "mode": "managed",
      "type": "aws_security_group_rule",
      "name": "computed_egress_with_self",
      "each": "list",
      "provider": "provider.aws",
      "instances": []
    },
    {
      "module": "module.sg-wordpress-rds-mysql",
      "mode": "managed",
      "type": "aws_security_group_rule",
      "name": "computed_egress_with_self",
      "each": "list",
      "provider": "provider.aws",
      "instances": []
    },
    {
      "module": "module.sg-wordpress-elb",
      "mode": "managed",
      "type": "aws_security_group_rule",
      "name": "computed_egress_with_self",
      "each": "list",
      "provider": "provider.aws",
      "instances": []
    },
    {
      "module": "module.sg-wordpress-node",
      "mode": "managed",
      "type": "aws_security_group_rule",
      "name": "computed_egress_with_source_security_group_id",
      "each": "list",
      "provider": "provider.aws",
      "instances": []
    },
    {
      "module": "module.sg-wordpress-rds-mysql",
      "mode": "managed",
      "type": "aws_security_group_rule",
      "name": "computed_egress_with_source_security_group_id",
      "each": "list",
      "provider": "provider.aws",
      "instances": []
    },
    {
      "module": "module.sg-wordpress-elb",
      "mode": "managed",
      "type": "aws_security_group_rule",
      "name": "computed_egress_with_source_security_group_id",
      "each": "list",
      "provider": "provider.aws",
      "instances": []
    },
    {
      "module": "module.sg-wordpress-node",
      "mode": "managed",
      "type": "aws_security_group_rule",
      "name": "computed_ingress_rules",
      "each": "list",
      "provider": "provider.aws",
      "instances": []
    },
    {
      "module": "module.sg-wordpress-rds-mysql",
      "mode": "managed",
      "type": "aws_security_group_rule",
      "name": "computed_ingress_rules",
      "each": "list",
      "provider": "provider.aws",
      "instances": []
    },
    {
      "module": "module.sg-wordpress-elb",
      "mode": "managed",
      "type": "aws_security_group_rule",
      "name": "computed_ingress_rules",
      "each": "list",
      "provider": "provider.aws",
      "instances": []
    },
    {
      "module": "module.sg-wordpress-node",
      "mode": "managed",
      "type": "aws_security_group_rule",
      "name": "computed_ingress_with_cidr_blocks",
      "each": "list",
      "provider": "provider.aws",
      "instances": []
    },
    {
      "module": "module.sg-wordpress-rds-mysql",
      "mode": "managed",
      "type": "aws_security_group_rule",
      "name": "computed_ingress_with_cidr_blocks",
      "each": "list",
      "provider": "provider.aws",
      "instances": []
    },
    {
      "module": "module.sg-wordpress-elb",
      "mode": "managed",
      "type": "aws_security_group_rule",
      "name": "computed_ingress_with_cidr_blocks",
      "each": "list",
      "provider": "provider.aws",
      "instances": []
    },
    {
      "module": "module.sg-wordpress-node",
      "mode": "managed",
      "type": "aws_security_group_rule",
      "name": "computed_ingress_with_ipv6_cidr_blocks",
      "each": "list",
      "provider": "provider.aws",
      "instances": []
    },
    {
      "module": "module.sg-wordpress-rds-mysql",
      "mode": "managed",
      "type": "aws_security_group_rule",
      "name": "computed_ingress_with_ipv6_cidr_blocks",
      "each": "list",
      "provider": "provider.aws",
      "instances": []
    },
    {
      "module": "module.sg-wordpress-elb",
      "mode": "managed",
      "type": "aws_security_group_rule",
      "name": "computed_ingress_with_ipv6_cidr_blocks",
      "each": "list",
      "provider": "provider.aws",
      "instances": []
    },
    {
      "module": "module.sg-wordpress-node",
      "mode": "managed",
      "type": "aws_security_group_rule",
      "name": "computed_ingress_with_self",
      "each": "list",
      "provider": "provider.aws",
      "instances": []
    },
    {
      "module": "module.sg-wordpress-rds-mysql",
      "mode": "managed",
      "type": "aws_security_group_rule",
      "name": "computed_ingress_with_self",
      "each": "list",
      "provider": "provider.aws",
      "instances": []
    },
    {
      "module": "module.sg-wordpress-elb",
      "mode": "managed",
      "type": "aws_security_group_rule",
      "name": "computed_ingress_with_self",
      "each": "list",
      "provider": "provider.aws",
      "instances": []
    },
    {
      "module": "module.sg-wordpress-node",
      "mode": "managed",
      "type": "aws_security_group_rule",
      "name": "computed_ingress_with_source_security_group_id",
      "each": "list",
      "provider": "provider.aws",
      "instances": []
    },
    {
      "module": "module.sg-wordpress-rds-mysql",
      "mode": "managed",
      "type": "aws_security_group_rule",
      "name": "computed_ingress_with_source_security_group_id",
      "each": "list",
      "provider": "provider.aws",
      "instances": []
    },
    {
      "module": "module.sg-wordpress-elb",
      "mode": "managed",
      "type": "aws_security_group_rule",
      "name": "computed_ingress_with_source_security_group_id",
      "each": "list",
      "provider": "provider.aws",
      "instances": []
    },
    {
      "module": "module.sg-wordpress-node",
      "mode": "managed",
      "type": "aws_security_group_rule",
      "name": "egress_rules",
      "each": "list",
      "provider": "provider.aws",
      "instances": []
    },
    {
      "module": "module.sg-wordpress-rds-mysql",
      "mode": "managed",
      "type": "aws_security_group_rule",
      "name": "egress_rules",
      "each": "list",
      "provider": "provider.aws",
      "instances": []
    },
    {
      "module": "module.sg-wordpress-elb",
      "mode": "managed",
      "type": "aws_security_group_rule",
      "name": "egress_rules",
      "each": "list",
      "provider": "provider.aws",
      "instances": []
    },
    {
      "module": "module.sg-wordpress-node",
      "mode": "managed",
      "type": "aws_security_group_rule",
      "name": "egress_with_cidr_blocks",
      "each": "list",
      "provider": "provider.aws",
      "instances": [
        {
          "index_key": 0,
          "schema_version": 2,
          "attributes": {
            "cidr_blocks": [
              "0.0.0.0/0"
            ],
            "description": "Egress Rule",
            "from_port": 0,
            "id": "sgrule-4238074891",
            "ipv6_cidr_blocks": null,
            "prefix_list_ids": [],
            "protocol": "tcp",
            "security_group_id": "sg-0488ad1ead5dc2ad0",
            "self": false,
            "source_security_group_id": null,
            "to_port": 65535,
            "type": "egress"
          },
          "private": "eyJzY2hlbWFfdmVyc2lvbiI6IjIifQ=="
        }
      ]
    },
    {
      "module": "module.sg-wordpress-rds-mysql",
      "mode": "managed",
      "type": "aws_security_group_rule",
      "name": "egress_with_cidr_blocks",
      "each": "list",
      "provider": "provider.aws",
      "instances": []
    },
    {
      "module": "module.sg-wordpress-elb",
      "mode": "managed",
      "type": "aws_security_group_rule",
      "name": "egress_with_cidr_blocks",
      "each": "list",
      "provider": "provider.aws",
      "instances": [
        {
          "index_key": 0,
          "schema_version": 2,
          "attributes": {
            "cidr_blocks": [
              "0.0.0.0/0"
            ],
            "description": "Egress Rule",
            "from_port": 0,
            "id": "sgrule-4029185698",
            "ipv6_cidr_blocks": null,
            "prefix_list_ids": [],
            "protocol": "tcp",
            "security_group_id": "sg-08eb0669ef9b5b14e",
            "self": false,
            "source_security_group_id": null,
            "to_port": 65535,
            "type": "egress"
          },
          "private": "eyJzY2hlbWFfdmVyc2lvbiI6IjIifQ=="
        }
      ]
    },
    {
      "module": "module.sg-wordpress-node",
      "mode": "managed",
      "type": "aws_security_group_rule",
      "name": "egress_with_ipv6_cidr_blocks",
      "each": "list",
      "provider": "provider.aws",
      "instances": []
    },
    {
      "module": "module.sg-wordpress-rds-mysql",
      "mode": "managed",
      "type": "aws_security_group_rule",
      "name": "egress_with_ipv6_cidr_blocks",
      "each": "list",
      "provider": "provider.aws",
      "instances": []
    },
    {
      "module": "module.sg-wordpress-elb",
      "mode": "managed",
      "type": "aws_security_group_rule",
      "name": "egress_with_ipv6_cidr_blocks",
      "each": "list",
      "provider": "provider.aws",
      "instances": []
    },
    {
      "module": "module.sg-wordpress-node",
      "mode": "managed",
      "type": "aws_security_group_rule",
      "name": "egress_with_self",
      "each": "list",
      "provider": "provider.aws",
      "instances": []
    },
    {
      "module": "module.sg-wordpress-rds-mysql",
      "mode": "managed",
      "type": "aws_security_group_rule",
      "name": "egress_with_self",
      "each": "list",
      "provider": "provider.aws",
      "instances": []
    },
    {
      "module": "module.sg-wordpress-elb",
      "mode": "managed",
      "type": "aws_security_group_rule",
      "name": "egress_with_self",
      "each": "list",
      "provider": "provider.aws",
      "instances": []
    },
    {
      "module": "module.sg-wordpress-node",
      "mode": "managed",
      "type": "aws_security_group_rule",
      "name": "egress_with_source_security_group_id",
      "each": "list",
      "provider": "provider.aws",
      "instances": []
    },
    {
      "module": "module.sg-wordpress-rds-mysql",
      "mode": "managed",
      "type": "aws_security_group_rule",
      "name": "egress_with_source_security_group_id",
      "each": "list",
      "provider": "provider.aws",
      "instances": []
    },
    {
      "module": "module.sg-wordpress-elb",
      "mode": "managed",
      "type": "aws_security_group_rule",
      "name": "egress_with_source_security_group_id",
      "each": "list",
      "provider": "provider.aws",
      "instances": []
    },
    {
      "module": "module.sg-wordpress-node",
      "mode": "managed",
      "type": "aws_security_group_rule",
      "name": "ingress_rules",
      "each": "list",
      "provider": "provider.aws",
      "instances": []
    },
    {
      "module": "module.sg-wordpress-rds-mysql",
      "mode": "managed",
      "type": "aws_security_group_rule",
      "name": "ingress_rules",
      "each": "list",
      "provider": "provider.aws",
      "instances": []
    },
    {
      "module": "module.sg-wordpress-elb",
      "mode": "managed",
      "type": "aws_security_group_rule",
      "name": "ingress_rules",
      "each": "list",
      "provider": "provider.aws",
      "instances": []
    },
    {
      "module": "module.sg-wordpress-node",
      "mode": "managed",
      "type": "aws_security_group_rule",
      "name": "ingress_with_cidr_blocks",
      "each": "list",
      "provider": "provider.aws",
      "instances": []
    },
    {
      "module": "module.sg-wordpress-rds-mysql",
      "mode": "managed",
      "type": "aws_security_group_rule",
      "name": "ingress_with_cidr_blocks",
      "each": "list",
      "provider": "provider.aws",
      "instances": []
    },
    {
      "module": "module.sg-wordpress-elb",
      "mode": "managed",
      "type": "aws_security_group_rule",
      "name": "ingress_with_cidr_blocks",
      "each": "list",
      "provider": "provider.aws",
      "instances": [
        {
          "index_key": 0,
          "schema_version": 2,
          "attributes": {
            "cidr_blocks": [
              "0.0.0.0/0"
            ],
            "description": "Ingress Rule",
            "from_port": 80,
            "id": "sgrule-3008034580",
            "ipv6_cidr_blocks": null,
            "prefix_list_ids": [],
            "protocol": "tcp",
            "security_group_id": "sg-08eb0669ef9b5b14e",
            "self": false,
            "source_security_group_id": null,
            "to_port": 80,
            "type": "ingress"
          },
          "private": "eyJzY2hlbWFfdmVyc2lvbiI6IjIifQ=="
        }
      ]
    },
    {
      "module": "module.sg-wordpress-node",
      "mode": "managed",
      "type": "aws_security_group_rule",
      "name": "ingress_with_ipv6_cidr_blocks",
      "each": "list",
      "provider": "provider.aws",
      "instances": []
    },
    {
      "module": "module.sg-wordpress-rds-mysql",
      "mode": "managed",
      "type": "aws_security_group_rule",
      "name": "ingress_with_ipv6_cidr_blocks",
      "each": "list",
      "provider": "provider.aws",
      "instances": []
    },
    {
      "module": "module.sg-wordpress-elb",
      "mode": "managed",
      "type": "aws_security_group_rule",
      "name": "ingress_with_ipv6_cidr_blocks",
      "each": "list",
      "provider": "provider.aws",
      "instances": []
    },
    {
      "module": "module.sg-wordpress-node",
      "mode": "managed",
      "type": "aws_security_group_rule",
      "name": "ingress_with_self",
      "each": "list",
      "provider": "provider.aws",
      "instances": []
    },
    {
      "module": "module.sg-wordpress-rds-mysql",
      "mode": "managed",
      "type": "aws_security_group_rule",
      "name": "ingress_with_self",
      "each": "list",
      "provider": "provider.aws",
      "instances": []
    },
    {
      "module": "module.sg-wordpress-elb",
      "mode": "managed",
      "type": "aws_security_group_rule",
      "name": "ingress_with_self",
      "each": "list",
      "provider": "provider.aws",
      "instances": []
    },
    {
      "module": "module.sg-wordpress-node",
      "mode": "managed",
      "type": "aws_security_group_rule",
      "name": "ingress_with_source_security_group_id",
      "each": "list",
      "provider": "provider.aws",
      "instances": [
        {
          "index_key": 0,
          "schema_version": 2,
          "attributes": {
            "cidr_blocks": null,
            "description": "Ingress Rule",
            "from_port": 80,
            "id": "sgrule-2525711513",
            "ipv6_cidr_blocks": [],
            "prefix_list_ids": [],
            "protocol": "tcp",
            "security_group_id": "sg-0488ad1ead5dc2ad0",
            "self": false,
            "source_security_group_id": "sg-08eb0669ef9b5b14e",
            "to_port": 80,
            "type": "ingress"
          },
          "private": "eyJzY2hlbWFfdmVyc2lvbiI6IjIifQ=="
        }
      ]
    },
    {
      "module": "module.sg-wordpress-rds-mysql",
      "mode": "managed",
      "type": "aws_security_group_rule",
      "name": "ingress_with_source_security_group_id",
      "each": "list",
      "provider": "provider.aws",
      "instances": [
        {
          "index_key": 0,
          "schema_version": 2,
          "attributes": {
            "cidr_blocks": null,
            "description": "Ingress Rule",
            "from_port": 3306,
            "id": "sgrule-1771084383",
            "ipv6_cidr_blocks": [],
            "prefix_list_ids": [],
            "protocol": "tcp",
            "security_group_id": "sg-06d22e78725f462ee",
            "self": false,
            "source_security_group_id": "sg-0488ad1ead5dc2ad0",
            "to_port": 3306,
            "type": "ingress"
          },
          "private": "eyJzY2hlbWFfdmVyc2lvbiI6IjIifQ=="
        }
      ]
    },
    {
      "module": "module.sg-wordpress-elb",
      "mode": "managed",
      "type": "aws_security_group_rule",
      "name": "ingress_with_source_security_group_id",
      "each": "list",
      "provider": "provider.aws",
      "instances": []
    },
    {
      "module": "module.vpc",
      "mode": "managed",
      "type": "aws_subnet",
      "name": "database",
      "each": "list",
      "provider": "provider.aws",
      "instances": []
    },
    {
      "module": "module.vpc",
      "mode": "managed",
      "type": "aws_subnet",
      "name": "elasticache",
      "each": "list",
      "provider": "provider.aws",
      "instances": []
    },
    {
      "module": "module.vpc",
      "mode": "managed",
      "type": "aws_subnet",
      "name": "intra",
      "each": "list",
      "provider": "provider.aws",
      "instances": []
    },
    {
      "module": "module.vpc",
      "mode": "managed",
      "type": "aws_subnet",
      "name": "private",
      "each": "list",
      "provider": "provider.aws",
      "instances": [
        {
          "index_key": 0,
          "schema_version": 1,
          "attributes": {
            "arn": "arn:aws:ec2:us-east-1:276493936417:subnet/subnet-03ad27ff9606bfc05",
            "assign_ipv6_address_on_creation": false,
            "availability_zone": "us-east-1a",
            "availability_zone_id": "use1-az4",
            "cidr_block": "10.0.1.0/24",
            "id": "subnet-03ad27ff9606bfc05",
            "ipv6_cidr_block": "",
            "ipv6_cidr_block_association_id": "",
            "map_public_ip_on_launch": false,
            "owner_id": "276493936417",
            "tags": {
              "Environment": "dev",
              "Name": "wordpress",
              "Owner": "quangpm"
            },
            "timeouts": null,
            "vpc_id": "vpc-042257ed8847cb257"
          },
          "private": "eyJlMmJmYjczMC1lY2FhLTExZTYtOGY4OC0zNDM2M2JjN2M0YzAiOnsiY3JlYXRlIjo2MDAwMDAwMDAwMDAsImRlbGV0ZSI6MTIwMDAwMDAwMDAwMH0sInNjaGVtYV92ZXJzaW9uIjoiMSJ9"
        },
        {
          "index_key": 1,
          "schema_version": 1,
          "attributes": {
            "arn": "arn:aws:ec2:us-east-1:276493936417:subnet/subnet-0cb51dcee3efad478",
            "assign_ipv6_address_on_creation": false,
            "availability_zone": "us-east-1b",
            "availability_zone_id": "use1-az6",
            "cidr_block": "10.0.2.0/24",
            "id": "subnet-0cb51dcee3efad478",
            "ipv6_cidr_block": "",
            "ipv6_cidr_block_association_id": "",
            "map_public_ip_on_launch": false,
            "owner_id": "276493936417",
            "tags": {
              "Environment": "dev",
              "Name": "wordpress",
              "Owner": "quangpm"
            },
            "timeouts": null,
            "vpc_id": "vpc-042257ed8847cb257"
          },
          "private": "eyJlMmJmYjczMC1lY2FhLTExZTYtOGY4OC0zNDM2M2JjN2M0YzAiOnsiY3JlYXRlIjo2MDAwMDAwMDAwMDAsImRlbGV0ZSI6MTIwMDAwMDAwMDAwMH0sInNjaGVtYV92ZXJzaW9uIjoiMSJ9"
        },
        {
          "index_key": 2,
          "schema_version": 1,
          "attributes": {
            "arn": "arn:aws:ec2:us-east-1:276493936417:subnet/subnet-0e1f43935c2ec421e",
            "assign_ipv6_address_on_creation": false,
            "availability_zone": "us-east-1c",
            "availability_zone_id": "use1-az1",
            "cidr_block": "10.0.3.0/24",
            "id": "subnet-0e1f43935c2ec421e",
            "ipv6_cidr_block": "",
            "ipv6_cidr_block_association_id": "",
            "map_public_ip_on_launch": false,
            "owner_id": "276493936417",
            "tags": {
              "Environment": "dev",
              "Name": "wordpress",
              "Owner": "quangpm"
            },
            "timeouts": null,
            "vpc_id": "vpc-042257ed8847cb257"
          },
          "private": "eyJlMmJmYjczMC1lY2FhLTExZTYtOGY4OC0zNDM2M2JjN2M0YzAiOnsiY3JlYXRlIjo2MDAwMDAwMDAwMDAsImRlbGV0ZSI6MTIwMDAwMDAwMDAwMH0sInNjaGVtYV92ZXJzaW9uIjoiMSJ9"
        }
      ]
    },
    {
      "module": "module.vpc",
      "mode": "managed",
      "type": "aws_subnet",
      "name": "public",
      "each": "list",
      "provider": "provider.aws",
      "instances": [
        {
          "index_key": 0,
          "schema_version": 1,
          "attributes": {
            "arn": "arn:aws:ec2:us-east-1:276493936417:subnet/subnet-062ae34f591be432e",
            "assign_ipv6_address_on_creation": false,
            "availability_zone": "us-east-1a",
            "availability_zone_id": "use1-az4",
            "cidr_block": "10.0.101.0/24",
            "id": "subnet-062ae34f591be432e",
            "ipv6_cidr_block": "",
            "ipv6_cidr_block_association_id": "",
            "map_public_ip_on_launch": true,
            "owner_id": "276493936417",
            "tags": {
              "Environment": "dev",
              "Name": "wordpress",
              "Owner": "quangpm"
            },
            "timeouts": null,
            "vpc_id": "vpc-042257ed8847cb257"
          },
          "private": "eyJlMmJmYjczMC1lY2FhLTExZTYtOGY4OC0zNDM2M2JjN2M0YzAiOnsiY3JlYXRlIjo2MDAwMDAwMDAwMDAsImRlbGV0ZSI6MTIwMDAwMDAwMDAwMH0sInNjaGVtYV92ZXJzaW9uIjoiMSJ9"
        },
        {
          "index_key": 1,
          "schema_version": 1,
          "attributes": {
            "arn": "arn:aws:ec2:us-east-1:276493936417:subnet/subnet-02392acfddb27af8d",
            "assign_ipv6_address_on_creation": false,
            "availability_zone": "us-east-1b",
            "availability_zone_id": "use1-az6",
            "cidr_block": "10.0.102.0/24",
            "id": "subnet-02392acfddb27af8d",
            "ipv6_cidr_block": "",
            "ipv6_cidr_block_association_id": "",
            "map_public_ip_on_launch": true,
            "owner_id": "276493936417",
            "tags": {
              "Environment": "dev",
              "Name": "wordpress",
              "Owner": "quangpm"
            },
            "timeouts": null,
            "vpc_id": "vpc-042257ed8847cb257"
          },
          "private": "eyJlMmJmYjczMC1lY2FhLTExZTYtOGY4OC0zNDM2M2JjN2M0YzAiOnsiY3JlYXRlIjo2MDAwMDAwMDAwMDAsImRlbGV0ZSI6MTIwMDAwMDAwMDAwMH0sInNjaGVtYV92ZXJzaW9uIjoiMSJ9"
        },
        {
          "index_key": 2,
          "schema_version": 1,
          "attributes": {
            "arn": "arn:aws:ec2:us-east-1:276493936417:subnet/subnet-0d677402a51e97238",
            "assign_ipv6_address_on_creation": false,
            "availability_zone": "us-east-1c",
            "availability_zone_id": "use1-az1",
            "cidr_block": "10.0.103.0/24",
            "id": "subnet-0d677402a51e97238",
            "ipv6_cidr_block": "",
            "ipv6_cidr_block_association_id": "",
            "map_public_ip_on_launch": true,
            "owner_id": "276493936417",
            "tags": {
              "Environment": "dev",
              "Name": "wordpress",
              "Owner": "quangpm"
            },
            "timeouts": null,
            "vpc_id": "vpc-042257ed8847cb257"
          },
          "private": "eyJlMmJmYjczMC1lY2FhLTExZTYtOGY4OC0zNDM2M2JjN2M0YzAiOnsiY3JlYXRlIjo2MDAwMDAwMDAwMDAsImRlbGV0ZSI6MTIwMDAwMDAwMDAwMH0sInNjaGVtYV92ZXJzaW9uIjoiMSJ9"
        }
      ]
    },
    {
      "module": "module.vpc",
      "mode": "managed",
      "type": "aws_subnet",
      "name": "redshift",
      "each": "list",
      "provider": "provider.aws",
      "instances": []
    },
    {
      "module": "module.vpc",
      "mode": "managed",
      "type": "aws_vpc",
      "name": "this",
      "each": "list",
      "provider": "provider.aws",
      "instances": [
        {
          "index_key": 0,
          "schema_version": 1,
          "attributes": {
            "arn": "arn:aws:ec2:us-east-1:276493936417:vpc/vpc-042257ed8847cb257",
            "assign_generated_ipv6_cidr_block": false,
            "cidr_block": "10.0.0.0/16",
            "default_network_acl_id": "acl-07effb0a3789bc1ed",
            "default_route_table_id": "rtb-03a1de029a4783909",
            "default_security_group_id": "sg-029f8a27caf1f1b7c",
            "dhcp_options_id": "dopt-8991a9f2",
            "enable_classiclink": false,
            "enable_classiclink_dns_support": false,
            "enable_dns_hostnames": false,
            "enable_dns_support": true,
            "id": "vpc-042257ed8847cb257",
            "instance_tenancy": "default",
            "ipv6_association_id": "",
            "ipv6_cidr_block": "",
            "main_route_table_id": "rtb-03a1de029a4783909",
            "owner_id": "276493936417",
            "tags": {
              "Environment": "dev",
              "Name": "wordpress",
              "Owner": "quangpm"
            }
          },
          "private": "eyJzY2hlbWFfdmVyc2lvbiI6IjEifQ=="
        }
      ]
    },
    {
      "module": "module.vpc",
      "mode": "managed",
      "type": "aws_vpc_dhcp_options",
      "name": "this",
      "each": "list",
      "provider": "provider.aws",
      "instances": []
    },
    {
      "module": "module.vpc",
      "mode": "managed",
      "type": "aws_vpc_dhcp_options_association",
      "name": "this",
      "each": "list",
      "provider": "provider.aws",
      "instances": []
    },
    {
      "module": "module.vpc",
      "mode": "managed",
      "type": "aws_vpc_endpoint",
      "name": "apigw",
      "each": "list",
      "provider": "provider.aws",
      "instances": []
    },
    {
      "module": "module.vpc",
      "mode": "managed",
      "type": "aws_vpc_endpoint",
      "name": "cloudtrail",
      "each": "list",
      "provider": "provider.aws",
      "instances": []
    },
    {
      "module": "module.vpc",
      "mode": "managed",
      "type": "aws_vpc_endpoint",
      "name": "dynamodb",
      "each": "list",
      "provider": "provider.aws",
      "instances": []
    },
    {
      "module": "module.vpc",
      "mode": "managed",
      "type": "aws_vpc_endpoint",
      "name": "ec2",
      "each": "list",
      "provider": "provider.aws",
      "instances": []
    },
    {
      "module": "module.vpc",
      "mode": "managed",
      "type": "aws_vpc_endpoint",
      "name": "ec2messages",
      "each": "list",
      "provider": "provider.aws",
      "instances": []
    },
    {
      "module": "module.vpc",
      "mode": "managed",
      "type": "aws_vpc_endpoint",
      "name": "ecr_api",
      "each": "list",
      "provider": "provider.aws",
      "instances": []
    },
    {
      "module": "module.vpc",
      "mode": "managed",
      "type": "aws_vpc_endpoint",
      "name": "ecr_dkr",
      "each": "list",
      "provider": "provider.aws",
      "instances": []
    },
    {
      "module": "module.vpc",
      "mode": "managed",
      "type": "aws_vpc_endpoint",
      "name": "ecs",
      "each": "list",
      "provider": "provider.aws",
      "instances": []
    },
    {
      "module": "module.vpc",
      "mode": "managed",
      "type": "aws_vpc_endpoint",
      "name": "ecs_agent",
      "each": "list",
      "provider": "provider.aws",
      "instances": []
    },
    {
      "module": "module.vpc",
      "mode": "managed",
      "type": "aws_vpc_endpoint",
      "name": "ecs_telemetry",
      "each": "list",
      "provider": "provider.aws",
      "instances": []
    },
    {
      "module": "module.vpc",
      "mode": "managed",
      "type": "aws_vpc_endpoint",
      "name": "elasticloadbalancing",
      "each": "list",
      "provider": "provider.aws",
      "instances": []
    },
    {
      "module": "module.vpc",
      "mode": "managed",
      "type": "aws_vpc_endpoint",
      "name": "events",
      "each": "list",
      "provider": "provider.aws",
      "instances": []
    },
    {
      "module": "module.vpc",
      "mode": "managed",
      "type": "aws_vpc_endpoint",
      "name": "kms",
      "each": "list",
      "provider": "provider.aws",
      "instances": []
    },
    {
      "module": "module.vpc",
      "mode": "managed",
      "type": "aws_vpc_endpoint",
      "name": "logs",
      "each": "list",
      "provider": "provider.aws",
      "instances": []
    },
    {
      "module": "module.vpc",
      "mode": "managed",
      "type": "aws_vpc_endpoint",
      "name": "monitoring",
      "each": "list",
      "provider": "provider.aws",
      "instances": []
    },
    {
      "module": "module.vpc",
      "mode": "managed",
      "type": "aws_vpc_endpoint",
      "name": "s3",
      "each": "list",
      "provider": "provider.aws",
      "instances": []
    },
    {
      "module": "module.vpc",
      "mode": "managed",
      "type": "aws_vpc_endpoint",
      "name": "sns",
      "each": "list",
      "provider": "provider.aws",
      "instances": []
    },
    {
      "module": "module.vpc",
      "mode": "managed",
      "type": "aws_vpc_endpoint",
      "name": "sqs",
      "each": "list",
      "provider": "provider.aws",
      "instances": []
    },
    {
      "module": "module.vpc",
      "mode": "managed",
      "type": "aws_vpc_endpoint",
      "name": "ssm",
      "each": "list",
      "provider": "provider.aws",
      "instances": []
    },
    {
      "module": "module.vpc",
      "mode": "managed",
      "type": "aws_vpc_endpoint",
      "name": "ssmmessages",
      "each": "list",
      "provider": "provider.aws",
      "instances": []
    },
    {
      "module": "module.vpc",
      "mode": "managed",
      "type": "aws_vpc_endpoint_route_table_association",
      "name": "intra_dynamodb",
      "each": "list",
      "provider": "provider.aws",
      "instances": []
    },
    {
      "module": "module.vpc",
      "mode": "managed",
      "type": "aws_vpc_endpoint_route_table_association",
      "name": "intra_s3",
      "each": "list",
      "provider": "provider.aws",
      "instances": []
    },
    {
      "module": "module.vpc",
      "mode": "managed",
      "type": "aws_vpc_endpoint_route_table_association",
      "name": "private_dynamodb",
      "each": "list",
      "provider": "provider.aws",
      "instances": []
    },
    {
      "module": "module.vpc",
      "mode": "managed",
      "type": "aws_vpc_endpoint_route_table_association",
      "name": "private_s3",
      "each": "list",
      "provider": "provider.aws",
      "instances": []
    },
    {
      "module": "module.vpc",
      "mode": "managed",
      "type": "aws_vpc_endpoint_route_table_association",
      "name": "public_dynamodb",
      "each": "list",
      "provider": "provider.aws",
      "instances": []
    },
    {
      "module": "module.vpc",
      "mode": "managed",
      "type": "aws_vpc_endpoint_route_table_association",
      "name": "public_s3",
      "each": "list",
      "provider": "provider.aws",
      "instances": []
    },
    {
      "module": "module.vpc",
      "mode": "managed",
      "type": "aws_vpc_ipv4_cidr_block_association",
      "name": "this",
      "each": "list",
      "provider": "provider.aws",
      "instances": []
    },
    {
      "module": "module.vpc",
      "mode": "managed",
      "type": "aws_vpn_gateway",
      "name": "this",
      "each": "list",
      "provider": "provider.aws",
      "instances": []
    },
    {
      "module": "module.vpc",
      "mode": "managed",
      "type": "aws_vpn_gateway_attachment",
      "name": "this",
      "each": "list",
      "provider": "provider.aws",
      "instances": []
    },
    {
      "module": "module.vpc",
      "mode": "managed",
      "type": "aws_vpn_gateway_route_propagation",
      "name": "private",
      "each": "list",
      "provider": "provider.aws",
      "instances": []
    },
    {
      "module": "module.vpc",
      "mode": "managed",
      "type": "aws_vpn_gateway_route_propagation",
      "name": "public",
      "each": "list",
      "provider": "provider.aws",
      "instances": []
    },
    {
      "module": "module.asg",
      "mode": "managed",
      "type": "null_resource",
      "name": "tags_as_list_of_maps",
      "each": "list",
      "provider": "provider.null",
      "instances": []
    },
    {
      "module": "module.asg",
      "mode": "managed",
      "type": "random_pet",
      "name": "asg_name",
      "each": "list",
      "provider": "provider.random",
      "instances": []
    }
  ]
}
